{
  "name": "CityBlocks",
  "lockfileVersion": 3,
  "requires": true,
  "packages": {
    "": {
      "name": "CityBlocks",
      "dependencies": {
        "gameanalytics": "^4.4.7"
      }
    },
    "node_modules/gameanalytics": {
      "version": "4.4.7",
      "resolved": "https://registry.npmjs.org/gameanalytics/-/gameanalytics-4.4.7.tgz",
      "integrity": "sha512-yXC6+j/OtkjRtrA1J2E3kVUDR8bdUm25QUzee1JPSTMOajbFV5zMg4+3kFJxhTvDVpj6qkO9QvHBrQCMNWLPVQ==",
      "license": "MIT"
    }
  }
}
